
Microsoft Visual Studio Solution File, Format Version 12.00
# Visual Studio Version 16
VisualStudioVersion = 16.0.30907.101
MinimumVisualStudioVersion = 10.0.40219.1
Project("{9A19103F-16F7-4668-BE54-9A1E7A4F7556}") = "Collections", "Colections\Collections.csproj", "{9176B631-C2CF-4437-8582-03F0935BB8B1}"
EndProject
Project("{FAE04EC0-301F-11D3-BF4B-00C04F79EFBC}") = "Genericsİntro", "Genericsİntro\Genericsİntro.csproj", "{EE86DB93-7F0E-4D0E-B4B2-BE4F1DDFDB59}"
EndProject
Global
	GlobalSection(SolutionConfigurationPlatforms) = preSolution
		Debug|Any CPU = Debug|Any CPU
		Release|Any CPU = Release|Any CPU
	EndGlobalSection
	GlobalSection(ProjectConfigurationPlatforms) = postSolution
		{9176B631-C2CF-4437-8582-03F0935BB8B1}.Debug|Any CPU.ActiveCfg = Debug|Any CPU
		{9176B631-C2CF-4437-8582-03F0935BB8B1}.Debug|Any CPU.Build.0 = Debug|Any CPU
		{9176B631-C2CF-4437-8582-03F0935BB8B1}.Release|Any CPU.ActiveCfg = Release|Any CPU
		{9176B631-C2CF-4437-8582-03F0935BB8B1}.Release|Any CPU.Build.0 = Release|Any CPU
		{EE86DB93-7F0E-4D0E-B4B2-BE4F1DDFDB59}.Debug|Any CPU.ActiveCfg = Debug|Any CPU
		{EE86DB93-7F0E-4D0E-B4B2-BE4F1DDFDB59}.Debug|Any CPU.Build.0 = Debug|Any CPU
		{EE86DB93-7F0E-4D0E-B4B2-BE4F1DDFDB59}.Release|Any CPU.ActiveCfg = Release|Any CPU
		{EE86DB93-7F0E-4D0E-B4B2-BE4F1DDFDB59}.Release|Any CPU.Build.0 = Release|Any CPU
	EndGlobalSection
	GlobalSection(SolutionProperties) = preSolution
		HideSolutionNode = FALSE
	EndGlobalSection
	GlobalSection(ExtensibilityGlobals) = postSolution
		SolutionGuid = {16CE79FE-B3EC-428F-B27B-19450288B827}
	EndGlobalSection
EndGlobal
